
Microsoft Visual Studio Solution File, Format Version 12.00
# Visual Studio Version 17
VisualStudioVersion = 17.0.31903.59
MinimumVisualStudioVersion = 10.0.40219.1
Project("{2150E333-8FDC-42A3-9474-1A3956D46DE8}") = "src", "src", "{B1E9E078-01EC-45BE-81F9-F30FF9303C89}"
EndProject
Project("{2150E333-8FDC-42A3-9474-1A3956D46DE8}") = "web", "web", "{26654552-C468-4C74-B6EE-9DBF68130629}"
EndProject
Project("{FAE04EC0-301F-11D3-BF4B-00C04F79EFBC}") = "IncidentManagement.Api", "src\web\IncidentManagement.Api\IncidentManagement.Api.csproj", "{DBF50EEE-66B1-40EF-89A9-C0ECCD8B5262}"
EndProject
Project("{2150E333-8FDC-42A3-9474-1A3956D46DE8}") = "tests", "tests", "{94443478-22DC-459F-AD87-F3CB459FBDB3}"
EndProject
Project("{2150E333-8FDC-42A3-9474-1A3956D46DE8}") = "unit", "unit", "{FD4ABE93-9BD5-436E-B4FA-B2552441CFF8}"
EndProject
Project("{FAE04EC0-301F-11D3-BF4B-00C04F79EFBC}") = "IncidentManagement.Tests", "tests\unit\IncidentManagement.Tests\IncidentManagement.Tests.csproj", "{F3326BB0-1F93-4C62-8A83-01A79F05A313}"
EndProject
Global
	GlobalSection(SolutionConfigurationPlatforms) = preSolution
		Debug|Any CPU = Debug|Any CPU
		Release|Any CPU = Release|Any CPU
	EndGlobalSection
	GlobalSection(SolutionProperties) = preSolution
		HideSolutionNode = FALSE
	EndGlobalSection
	GlobalSection(ProjectConfigurationPlatforms) = postSolution
		{DBF50EEE-66B1-40EF-89A9-C0ECCD8B5262}.Debug|Any CPU.ActiveCfg = Debug|Any CPU
		{DBF50EEE-66B1-40EF-89A9-C0ECCD8B5262}.Debug|Any CPU.Build.0 = Debug|Any CPU
		{DBF50EEE-66B1-40EF-89A9-C0ECCD8B5262}.Release|Any CPU.ActiveCfg = Release|Any CPU
		{DBF50EEE-66B1-40EF-89A9-C0ECCD8B5262}.Release|Any CPU.Build.0 = Release|Any CPU
		{F3326BB0-1F93-4C62-8A83-01A79F05A313}.Debug|Any CPU.ActiveCfg = Debug|Any CPU
		{F3326BB0-1F93-4C62-8A83-01A79F05A313}.Debug|Any CPU.Build.0 = Debug|Any CPU
		{F3326BB0-1F93-4C62-8A83-01A79F05A313}.Release|Any CPU.ActiveCfg = Release|Any CPU
		{F3326BB0-1F93-4C62-8A83-01A79F05A313}.Release|Any CPU.Build.0 = Release|Any CPU
	EndGlobalSection
	GlobalSection(NestedProjects) = preSolution
		{26654552-C468-4C74-B6EE-9DBF68130629} = {B1E9E078-01EC-45BE-81F9-F30FF9303C89}
		{DBF50EEE-66B1-40EF-89A9-C0ECCD8B5262} = {26654552-C468-4C74-B6EE-9DBF68130629}
		{FD4ABE93-9BD5-436E-B4FA-B2552441CFF8} = {94443478-22DC-459F-AD87-F3CB459FBDB3}
		{F3326BB0-1F93-4C62-8A83-01A79F05A313} = {FD4ABE93-9BD5-436E-B4FA-B2552441CFF8}
	EndGlobalSection
EndGlobal
